
Microsoft Visual Studio Solution File, Format Version 12.00
# Visual Studio Version 17
VisualStudioVersion = 17.10.35027.167
MinimumVisualStudioVersion = 10.0.40219.1
Project("{FAE04EC0-301F-11D3-BF4B-00C04F79EFBC}") = "CyberSecurity_ChatBot", "CyberSecurity_ChatBot.csproj", "{DAC3305C-6B5D-4469-9EEE-543156D20079}"
EndProject
Global
	GlobalSection(SolutionConfigurationPlatforms) = preSolution
		Debug|Any CPU = Debug|Any CPU
		Release|Any CPU = Release|Any CPU
	EndGlobalSection
	GlobalSection(ProjectConfigurationPlatforms) = postSolution
		{DAC3305C-6B5D-4469-9EEE-543156D20079}.Debug|Any CPU.ActiveCfg = Debug|Any CPU
		{DAC3305C-6B5D-4469-9EEE-543156D20079}.Debug|Any CPU.Build.0 = Debug|Any CPU
		{DAC3305C-6B5D-4469-9EEE-543156D20079}.Release|Any CPU.ActiveCfg = Release|Any CPU
		{DAC3305C-6B5D-4469-9EEE-543156D20079}.Release|Any CPU.Build.0 = Release|Any CPU
	EndGlobalSection
	GlobalSection(SolutionProperties) = preSolution
		HideSolutionNode = FALSE
	EndGlobalSection
	GlobalSection(ExtensibilityGlobals) = postSolution
		SolutionGuid = {134CEA54-0358-46A1-A43D-638CB5D00244}
	EndGlobalSection
EndGlobal
